
Microsoft Visual Studio Solution File, Format Version 12.00
# Visual Studio Version 17
VisualStudioVersion = 17.4.33205.214
MinimumVisualStudioVersion = 10.0.40219.1
Project("{FAE04EC0-301F-11D3-BF4B-00C04F79EFBC}") = "eTickets", "eTickets\eTickets.csproj", "{07FC319D-8C6E-4B24-9AF3-0EBE34E0980C}"
EndProject
Global
	GlobalSection(SolutionConfigurationPlatforms) = preSolution
		Debug|Any CPU = Debug|Any CPU
		Release|Any CPU = Release|Any CPU
	EndGlobalSection
	GlobalSection(ProjectConfigurationPlatforms) = postSolution
		{07FC319D-8C6E-4B24-9AF3-0EBE34E0980C}.Debug|Any CPU.ActiveCfg = Debug|Any CPU
		{07FC319D-8C6E-4B24-9AF3-0EBE34E0980C}.Debug|Any CPU.Build.0 = Debug|Any CPU
		{07FC319D-8C6E-4B24-9AF3-0EBE34E0980C}.Release|Any CPU.ActiveCfg = Release|Any CPU
		{07FC319D-8C6E-4B24-9AF3-0EBE34E0980C}.Release|Any CPU.Build.0 = Release|Any CPU
	EndGlobalSection
	GlobalSection(SolutionProperties) = preSolution
		HideSolutionNode = FALSE
	EndGlobalSection
	GlobalSection(ExtensibilityGlobals) = postSolution
		SolutionGuid = {62B1F36D-D2AE-4BF6-BE1D-1E1DF5FDBC54}
	EndGlobalSection
EndGlobal
